
Microsoft Visual Studio Solution File, Format Version 12.00
# Visual Studio 15
VisualStudioVersion = 15.0.28307.779
MinimumVisualStudioVersion = 10.0.40219.1
Project("{FAE04EC0-301F-11D3-BF4B-00C04F79EFBC}") = "SimpleIndexer", "SimpleIndexer\SimpleIndexer.csproj", "{7236BAAB-A697-4371-A84C-1F91C9D6346F}"
EndProject
Global
	GlobalSection(SolutionConfigurationPlatforms) = preSolution
		Debug|Any CPU = Debug|Any CPU
		Release|Any CPU = Release|Any CPU
	EndGlobalSection
	GlobalSection(ProjectConfigurationPlatforms) = postSolution
		{7236BAAB-A697-4371-A84C-1F91C9D6346F}.Debug|Any CPU.ActiveCfg = Debug|Any CPU
		{7236BAAB-A697-4371-A84C-1F91C9D6346F}.Debug|Any CPU.Build.0 = Debug|Any CPU
		{7236BAAB-A697-4371-A84C-1F91C9D6346F}.Release|Any CPU.ActiveCfg = Release|Any CPU
		{7236BAAB-A697-4371-A84C-1F91C9D6346F}.Release|Any CPU.Build.0 = Release|Any CPU
	EndGlobalSection
	GlobalSection(SolutionProperties) = preSolution
		HideSolutionNode = FALSE
	EndGlobalSection
	GlobalSection(ExtensibilityGlobals) = postSolution
		SolutionGuid = {5071B043-4AF7-4DE8-971F-62E33A716122}
	EndGlobalSection
EndGlobal
